
Microsoft Visual Studio Solution File, Format Version 12.00
# Visual Studio Version 17
VisualStudioVersion = 17.0.31919.166
MinimumVisualStudioVersion = 10.0.40219.1
Project("{FAE04EC0-301F-11D3-BF4B-00C04F79EFBC}") = "HealthProblems", "HealthProblems\HealthProblems.csproj", "{84A4927B-8026-4CF8-A491-84477F5DAA79}"
EndProject
Project("{FAE04EC0-301F-11D3-BF4B-00C04F79EFBC}") = "HealthProblems.Data", "HealthProblems.Data\HealthProblems.Data.csproj", "{840ACA90-2377-4F72-ADDA-0B7FD58CE394}"
EndProject
Project("{FAE04EC0-301F-11D3-BF4B-00C04F79EFBC}") = "HealthProblems.core", "HealthProblems.core\HealthProblems.core.csproj", "{D9324A5C-C117-4F2E-8F18-DC6F85D9C68D}"
EndProject
Global
	GlobalSection(SolutionConfigurationPlatforms) = preSolution
		Debug|Any CPU = Debug|Any CPU
		Release|Any CPU = Release|Any CPU
	EndGlobalSection
	GlobalSection(ProjectConfigurationPlatforms) = postSolution
		{84A4927B-8026-4CF8-A491-84477F5DAA79}.Debug|Any CPU.ActiveCfg = Debug|Any CPU
		{84A4927B-8026-4CF8-A491-84477F5DAA79}.Debug|Any CPU.Build.0 = Debug|Any CPU
		{84A4927B-8026-4CF8-A491-84477F5DAA79}.Release|Any CPU.ActiveCfg = Release|Any CPU
		{84A4927B-8026-4CF8-A491-84477F5DAA79}.Release|Any CPU.Build.0 = Release|Any CPU
		{840ACA90-2377-4F72-ADDA-0B7FD58CE394}.Debug|Any CPU.ActiveCfg = Debug|Any CPU
		{840ACA90-2377-4F72-ADDA-0B7FD58CE394}.Debug|Any CPU.Build.0 = Debug|Any CPU
		{840ACA90-2377-4F72-ADDA-0B7FD58CE394}.Release|Any CPU.ActiveCfg = Release|Any CPU
		{840ACA90-2377-4F72-ADDA-0B7FD58CE394}.Release|Any CPU.Build.0 = Release|Any CPU
		{D9324A5C-C117-4F2E-8F18-DC6F85D9C68D}.Debug|Any CPU.ActiveCfg = Debug|Any CPU
		{D9324A5C-C117-4F2E-8F18-DC6F85D9C68D}.Debug|Any CPU.Build.0 = Debug|Any CPU
		{D9324A5C-C117-4F2E-8F18-DC6F85D9C68D}.Release|Any CPU.ActiveCfg = Release|Any CPU
		{D9324A5C-C117-4F2E-8F18-DC6F85D9C68D}.Release|Any CPU.Build.0 = Release|Any CPU
	EndGlobalSection
	GlobalSection(SolutionProperties) = preSolution
		HideSolutionNode = FALSE
	EndGlobalSection
	GlobalSection(ExtensibilityGlobals) = postSolution
		SolutionGuid = {1E4D33B9-DEA4-44B0-9E0A-4B377F01CDF5}
	EndGlobalSection
EndGlobal
